
Microsoft Visual Studio Solution File, Format Version 12.00
# Visual Studio Version 16
VisualStudioVersion = 16.0.31205.134
MinimumVisualStudioVersion = 10.0.40219.1
Project("{FAE04EC0-301F-11D3-BF4B-00C04F79EFBC}") = "DovizProje", "DovizProje\DovizProje.csproj", "{FD5FA503-A7A1-48E8-B7CE-2CAC7EDB9FAF}"
EndProject
Global
	GlobalSection(SolutionConfigurationPlatforms) = preSolution
		Debug|Any CPU = Debug|Any CPU
		Release|Any CPU = Release|Any CPU
	EndGlobalSection
	GlobalSection(ProjectConfigurationPlatforms) = postSolution
		{FD5FA503-A7A1-48E8-B7CE-2CAC7EDB9FAF}.Debug|Any CPU.ActiveCfg = Debug|Any CPU
		{FD5FA503-A7A1-48E8-B7CE-2CAC7EDB9FAF}.Debug|Any CPU.Build.0 = Debug|Any CPU
		{FD5FA503-A7A1-48E8-B7CE-2CAC7EDB9FAF}.Release|Any CPU.ActiveCfg = Release|Any CPU
		{FD5FA503-A7A1-48E8-B7CE-2CAC7EDB9FAF}.Release|Any CPU.Build.0 = Release|Any CPU
	EndGlobalSection
	GlobalSection(SolutionProperties) = preSolution
		HideSolutionNode = FALSE
	EndGlobalSection
	GlobalSection(ExtensibilityGlobals) = postSolution
		SolutionGuid = {255903A7-6B88-4637-8EB6-C7DEC04F2A60}
	EndGlobalSection
EndGlobal
